
Microsoft Visual Studio Solution File, Format Version 12.00
# Visual Studio Version 17
VisualStudioVersion = 17.4.33122.133
MinimumVisualStudioVersion = 10.0.40219.1
Project("{9A19103F-16F7-4668-BE54-9A1E7A4F7556}") = "seminar_7_ex_1", "seminar_7_ex_1\seminar_7_ex_1.csproj", "{3C205349-E54C-4F9F-BF09-6A6252AB92D4}"
EndProject
Project("{FAE04EC0-301F-11D3-BF4B-00C04F79EFBC}") = "seminar_7_ex_2", "seminar_7_ex_2\seminar_7_ex_2.csproj", "{7A7F1071-DCA6-4889-B856-8D128F3EFBC3}"
EndProject
Project("{FAE04EC0-301F-11D3-BF4B-00C04F79EFBC}") = "seminar_7_ex_3", "seminar_7_ex_3\seminar_7_ex_3.csproj", "{E65B03AE-1A68-4CF4-ABD0-AE8401C9A16A}"
EndProject
Project("{FAE04EC0-301F-11D3-BF4B-00C04F79EFBC}") = "seminar_7_ex_4", "seminar_7_ex_4\seminar_7_ex_4.csproj", "{37AB13AF-9A3B-4F33-85C5-511B335EF294}"
EndProject
Global
	GlobalSection(SolutionConfigurationPlatforms) = preSolution
		Debug|Any CPU = Debug|Any CPU
		Release|Any CPU = Release|Any CPU
	EndGlobalSection
	GlobalSection(ProjectConfigurationPlatforms) = postSolution
		{3C205349-E54C-4F9F-BF09-6A6252AB92D4}.Debug|Any CPU.ActiveCfg = Debug|Any CPU
		{3C205349-E54C-4F9F-BF09-6A6252AB92D4}.Debug|Any CPU.Build.0 = Debug|Any CPU
		{3C205349-E54C-4F9F-BF09-6A6252AB92D4}.Release|Any CPU.ActiveCfg = Release|Any CPU
		{3C205349-E54C-4F9F-BF09-6A6252AB92D4}.Release|Any CPU.Build.0 = Release|Any CPU
		{7A7F1071-DCA6-4889-B856-8D128F3EFBC3}.Debug|Any CPU.ActiveCfg = Debug|Any CPU
		{7A7F1071-DCA6-4889-B856-8D128F3EFBC3}.Debug|Any CPU.Build.0 = Debug|Any CPU
		{7A7F1071-DCA6-4889-B856-8D128F3EFBC3}.Release|Any CPU.ActiveCfg = Release|Any CPU
		{7A7F1071-DCA6-4889-B856-8D128F3EFBC3}.Release|Any CPU.Build.0 = Release|Any CPU
		{E65B03AE-1A68-4CF4-ABD0-AE8401C9A16A}.Debug|Any CPU.ActiveCfg = Debug|Any CPU
		{E65B03AE-1A68-4CF4-ABD0-AE8401C9A16A}.Debug|Any CPU.Build.0 = Debug|Any CPU
		{E65B03AE-1A68-4CF4-ABD0-AE8401C9A16A}.Release|Any CPU.ActiveCfg = Release|Any CPU
		{E65B03AE-1A68-4CF4-ABD0-AE8401C9A16A}.Release|Any CPU.Build.0 = Release|Any CPU
		{37AB13AF-9A3B-4F33-85C5-511B335EF294}.Debug|Any CPU.ActiveCfg = Debug|Any CPU
		{37AB13AF-9A3B-4F33-85C5-511B335EF294}.Debug|Any CPU.Build.0 = Debug|Any CPU
		{37AB13AF-9A3B-4F33-85C5-511B335EF294}.Release|Any CPU.ActiveCfg = Release|Any CPU
		{37AB13AF-9A3B-4F33-85C5-511B335EF294}.Release|Any CPU.Build.0 = Release|Any CPU
	EndGlobalSection
	GlobalSection(SolutionProperties) = preSolution
		HideSolutionNode = FALSE
	EndGlobalSection
	GlobalSection(ExtensibilityGlobals) = postSolution
		SolutionGuid = {4633119A-61E3-4633-8F9D-185E31BC0E90}
	EndGlobalSection
EndGlobal
