
Microsoft Visual Studio Solution File, Format Version 12.00
# Visual Studio Version 17
VisualStudioVersion = 17.4.33122.133
MinimumVisualStudioVersion = 10.0.40219.1
Project("{FAE04EC0-301F-11D3-BF4B-00C04F79EFBC}") = "lecture_7_ex_1", "lecture_7_ex_1\lecture_7_ex_1.csproj", "{A237273F-7C60-4459-836A-4BFA28BEFBE1}"
EndProject
Global
	GlobalSection(SolutionConfigurationPlatforms) = preSolution
		Debug|Any CPU = Debug|Any CPU
		Release|Any CPU = Release|Any CPU
	EndGlobalSection
	GlobalSection(ProjectConfigurationPlatforms) = postSolution
		{A237273F-7C60-4459-836A-4BFA28BEFBE1}.Debug|Any CPU.ActiveCfg = Debug|Any CPU
		{A237273F-7C60-4459-836A-4BFA28BEFBE1}.Debug|Any CPU.Build.0 = Debug|Any CPU
		{A237273F-7C60-4459-836A-4BFA28BEFBE1}.Release|Any CPU.ActiveCfg = Release|Any CPU
		{A237273F-7C60-4459-836A-4BFA28BEFBE1}.Release|Any CPU.Build.0 = Release|Any CPU
	EndGlobalSection
	GlobalSection(SolutionProperties) = preSolution
		HideSolutionNode = FALSE
	EndGlobalSection
	GlobalSection(ExtensibilityGlobals) = postSolution
		SolutionGuid = {2EC2A6BC-E8B3-4788-90FE-62CF5DB2E424}
	EndGlobalSection
EndGlobal
