
Microsoft Visual Studio Solution File, Format Version 12.00
# Visual Studio Version 17
VisualStudioVersion = 17.4.33122.133
MinimumVisualStudioVersion = 10.0.40219.1
Project("{FAE04EC0-301F-11D3-BF4B-00C04F79EFBC}") = "seminar_4_2", "seminar_4_2.csproj", "{E544419A-4C00-4FF7-BFDE-C01826848ABA}"
EndProject
Global
	GlobalSection(SolutionConfigurationPlatforms) = preSolution
		Debug|Any CPU = Debug|Any CPU
		Release|Any CPU = Release|Any CPU
	EndGlobalSection
	GlobalSection(ProjectConfigurationPlatforms) = postSolution
		{E544419A-4C00-4FF7-BFDE-C01826848ABA}.Debug|Any CPU.ActiveCfg = Debug|Any CPU
		{E544419A-4C00-4FF7-BFDE-C01826848ABA}.Debug|Any CPU.Build.0 = Debug|Any CPU
		{E544419A-4C00-4FF7-BFDE-C01826848ABA}.Release|Any CPU.ActiveCfg = Release|Any CPU
		{E544419A-4C00-4FF7-BFDE-C01826848ABA}.Release|Any CPU.Build.0 = Release|Any CPU
	EndGlobalSection
	GlobalSection(SolutionProperties) = preSolution
		HideSolutionNode = FALSE
	EndGlobalSection
	GlobalSection(ExtensibilityGlobals) = postSolution
		SolutionGuid = {860B900B-9D4F-4A71-B793-D7C17A8BA3D5}
	EndGlobalSection
EndGlobal
