
Microsoft Visual Studio Solution File, Format Version 12.00
# Visual Studio Version 17
VisualStudioVersion = 17.4.33122.133
MinimumVisualStudioVersion = 10.0.40219.1
Project("{FAE04EC0-301F-11D3-BF4B-00C04F79EFBC}") = "homework_7", "homework_7\homework_7.csproj", "{BB974A1D-9E25-4A1C-B144-EE06E01534EA}"
EndProject
Global
	GlobalSection(SolutionConfigurationPlatforms) = preSolution
		Debug|Any CPU = Debug|Any CPU
		Release|Any CPU = Release|Any CPU
	EndGlobalSection
	GlobalSection(ProjectConfigurationPlatforms) = postSolution
		{BB974A1D-9E25-4A1C-B144-EE06E01534EA}.Debug|Any CPU.ActiveCfg = Debug|Any CPU
		{BB974A1D-9E25-4A1C-B144-EE06E01534EA}.Debug|Any CPU.Build.0 = Debug|Any CPU
		{BB974A1D-9E25-4A1C-B144-EE06E01534EA}.Release|Any CPU.ActiveCfg = Release|Any CPU
		{BB974A1D-9E25-4A1C-B144-EE06E01534EA}.Release|Any CPU.Build.0 = Release|Any CPU
	EndGlobalSection
	GlobalSection(SolutionProperties) = preSolution
		HideSolutionNode = FALSE
	EndGlobalSection
	GlobalSection(ExtensibilityGlobals) = postSolution
		SolutionGuid = {5A9A93E8-32AF-4EEE-AF1B-DDCDD28CFE77}
	EndGlobalSection
EndGlobal
