
Microsoft Visual Studio Solution File, Format Version 12.00
# Visual Studio Version 17
VisualStudioVersion = 17.4.33122.133
MinimumVisualStudioVersion = 10.0.40219.1
Project("{FAE04EC0-301F-11D3-BF4B-00C04F79EFBC}") = "Axaxa", "Axaxa\Axaxa.csproj", "{116DB33F-0C25-4D9F-AAE4-CF60D4D70B69}"
EndProject
Project("{FAE04EC0-301F-11D3-BF4B-00C04F79EFBC}") = "WpfApp1", "WpfApp1\WpfApp1.csproj", "{B96DDD56-3C2D-4FFF-B704-167047C3C845}"
EndProject
Global
	GlobalSection(SolutionConfigurationPlatforms) = preSolution
		Debug|Any CPU = Debug|Any CPU
		Release|Any CPU = Release|Any CPU
	EndGlobalSection
	GlobalSection(ProjectConfigurationPlatforms) = postSolution
		{116DB33F-0C25-4D9F-AAE4-CF60D4D70B69}.Debug|Any CPU.ActiveCfg = Debug|Any CPU
		{116DB33F-0C25-4D9F-AAE4-CF60D4D70B69}.Debug|Any CPU.Build.0 = Debug|Any CPU
		{116DB33F-0C25-4D9F-AAE4-CF60D4D70B69}.Release|Any CPU.ActiveCfg = Release|Any CPU
		{116DB33F-0C25-4D9F-AAE4-CF60D4D70B69}.Release|Any CPU.Build.0 = Release|Any CPU
		{B96DDD56-3C2D-4FFF-B704-167047C3C845}.Debug|Any CPU.ActiveCfg = Debug|Any CPU
		{B96DDD56-3C2D-4FFF-B704-167047C3C845}.Debug|Any CPU.Build.0 = Debug|Any CPU
		{B96DDD56-3C2D-4FFF-B704-167047C3C845}.Release|Any CPU.ActiveCfg = Release|Any CPU
		{B96DDD56-3C2D-4FFF-B704-167047C3C845}.Release|Any CPU.Build.0 = Release|Any CPU
	EndGlobalSection
	GlobalSection(SolutionProperties) = preSolution
		HideSolutionNode = FALSE
	EndGlobalSection
	GlobalSection(ExtensibilityGlobals) = postSolution
		SolutionGuid = {446B143C-D1CC-4854-9EC8-1778EE164FA7}
	EndGlobalSection
EndGlobal
