
Microsoft Visual Studio Solution File, Format Version 12.00
# Visual Studio Version 17
VisualStudioVersion = 17.4.33122.133
MinimumVisualStudioVersion = 10.0.40219.1
Project("{FAE04EC0-301F-11D3-BF4B-00C04F79EFBC}") = "seminar_4", "seminar_4\seminar_4.csproj", "{DFBA02F6-E335-44BC-8FA2-AB8B460C7F28}"
EndProject
Global
	GlobalSection(SolutionConfigurationPlatforms) = preSolution
		Debug|Any CPU = Debug|Any CPU
		Release|Any CPU = Release|Any CPU
	EndGlobalSection
	GlobalSection(ProjectConfigurationPlatforms) = postSolution
		{DFBA02F6-E335-44BC-8FA2-AB8B460C7F28}.Debug|Any CPU.ActiveCfg = Debug|Any CPU
		{DFBA02F6-E335-44BC-8FA2-AB8B460C7F28}.Debug|Any CPU.Build.0 = Debug|Any CPU
		{DFBA02F6-E335-44BC-8FA2-AB8B460C7F28}.Release|Any CPU.ActiveCfg = Release|Any CPU
		{DFBA02F6-E335-44BC-8FA2-AB8B460C7F28}.Release|Any CPU.Build.0 = Release|Any CPU
	EndGlobalSection
	GlobalSection(SolutionProperties) = preSolution
		HideSolutionNode = FALSE
	EndGlobalSection
	GlobalSection(ExtensibilityGlobals) = postSolution
		SolutionGuid = {F2E1A981-D8BF-47C0-B0EA-DA9465AE0EAE}
	EndGlobalSection
EndGlobal
