
Microsoft Visual Studio Solution File, Format Version 12.00
# Visual Studio Version 17
VisualStudioVersion = 17.4.33122.133
MinimumVisualStudioVersion = 10.0.40219.1
Project("{FAE04EC0-301F-11D3-BF4B-00C04F79EFBC}") = "lecture_5_ex_1", "lecture_5_ex_1\lecture_5_ex_1.csproj", "{6CACED1E-1F07-4673-AB57-BF49A6CC3A7E}"
EndProject
Global
	GlobalSection(SolutionConfigurationPlatforms) = preSolution
		Debug|Any CPU = Debug|Any CPU
		Release|Any CPU = Release|Any CPU
	EndGlobalSection
	GlobalSection(ProjectConfigurationPlatforms) = postSolution
		{6CACED1E-1F07-4673-AB57-BF49A6CC3A7E}.Debug|Any CPU.ActiveCfg = Debug|Any CPU
		{6CACED1E-1F07-4673-AB57-BF49A6CC3A7E}.Debug|Any CPU.Build.0 = Debug|Any CPU
		{6CACED1E-1F07-4673-AB57-BF49A6CC3A7E}.Release|Any CPU.ActiveCfg = Release|Any CPU
		{6CACED1E-1F07-4673-AB57-BF49A6CC3A7E}.Release|Any CPU.Build.0 = Release|Any CPU
	EndGlobalSection
	GlobalSection(SolutionProperties) = preSolution
		HideSolutionNode = FALSE
	EndGlobalSection
	GlobalSection(ExtensibilityGlobals) = postSolution
		SolutionGuid = {08D336C7-11A4-420A-8A92-65947D328D70}
	EndGlobalSection
EndGlobal
