
Microsoft Visual Studio Solution File, Format Version 12.00
# Visual Studio Version 17
VisualStudioVersion = 17.4.33122.133
MinimumVisualStudioVersion = 10.0.40219.1
Project("{FAE04EC0-301F-11D3-BF4B-00C04F79EFBC}") = "seminar_4_4", "seminar_4_4.csproj", "{F342F28F-7447-4043-B8F2-6B8D35AE5E67}"
EndProject
Global
	GlobalSection(SolutionConfigurationPlatforms) = preSolution
		Debug|Any CPU = Debug|Any CPU
		Release|Any CPU = Release|Any CPU
	EndGlobalSection
	GlobalSection(ProjectConfigurationPlatforms) = postSolution
		{F342F28F-7447-4043-B8F2-6B8D35AE5E67}.Debug|Any CPU.ActiveCfg = Debug|Any CPU
		{F342F28F-7447-4043-B8F2-6B8D35AE5E67}.Debug|Any CPU.Build.0 = Debug|Any CPU
		{F342F28F-7447-4043-B8F2-6B8D35AE5E67}.Release|Any CPU.ActiveCfg = Release|Any CPU
		{F342F28F-7447-4043-B8F2-6B8D35AE5E67}.Release|Any CPU.Build.0 = Release|Any CPU
	EndGlobalSection
	GlobalSection(SolutionProperties) = preSolution
		HideSolutionNode = FALSE
	EndGlobalSection
	GlobalSection(ExtensibilityGlobals) = postSolution
		SolutionGuid = {27C2D5DE-C44A-4DC2-87CC-A613CC09974B}
	EndGlobalSection
EndGlobal
